
Microsoft Visual Studio Solution File, Format Version 12.00
# Visual Studio Version 16
VisualStudioVersion = 16.0.29306.81
MinimumVisualStudioVersion = 10.0.40219.1
Project("{8BC9CEB8-8B4A-11D0-8D11-00A0C91BC942}") = "CrafterraTest", "CrafterraTest\CrafterraTest.vcxproj", "{70577E9D-9055-4299-8838-C85B19D9AE62}"
EndProject
Global
	GlobalSection(SolutionConfigurationPlatforms) = preSolution
		Debug|x64 = Debug|x64
		Debug|x86 = Debug|x86
		Release|x64 = Release|x64
		Release|x86 = Release|x86
	EndGlobalSection
	GlobalSection(ProjectConfigurationPlatforms) = postSolution
		{70577E9D-9055-4299-8838-C85B19D9AE62}.Debug|x64.ActiveCfg = Debug|x64
		{70577E9D-9055-4299-8838-C85B19D9AE62}.Debug|x64.Build.0 = Debug|x64
		{70577E9D-9055-4299-8838-C85B19D9AE62}.Debug|x86.ActiveCfg = Debug|Win32
		{70577E9D-9055-4299-8838-C85B19D9AE62}.Debug|x86.Build.0 = Debug|Win32
		{70577E9D-9055-4299-8838-C85B19D9AE62}.Release|x64.ActiveCfg = Release|x64
		{70577E9D-9055-4299-8838-C85B19D9AE62}.Release|x64.Build.0 = Release|x64
		{70577E9D-9055-4299-8838-C85B19D9AE62}.Release|x86.ActiveCfg = Release|Win32
		{70577E9D-9055-4299-8838-C85B19D9AE62}.Release|x86.Build.0 = Release|Win32
	EndGlobalSection
	GlobalSection(SolutionProperties) = preSolution
		HideSolutionNode = FALSE
	EndGlobalSection
	GlobalSection(ExtensibilityGlobals) = postSolution
		SolutionGuid = {B9C603CC-3AC4-4032-87FC-1643ACCF037B}
	EndGlobalSection
EndGlobal
